{
  "name": "vscode-esm-url",
  "version": "0.0.5",
  "lockfileVersion": 2,
  "requires": true,
  "packages": {
    "": {
      "version": "0.0.5",
      "license": "MIT",
      "dependencies": {
        "tsserver-esm-url": "github:tomashubelbauer/tsserver-esm-url"
      },
      "devDependencies": {},
      "engines": {
        "vscode": "^1.54.0"
      }
    },
    "node_modules/tsserver-esm-url": {
      "resolved": "git+ssh://git@github.com/tomashubelbauer/tsserver-esm-url.git#e1ebd8d9df83ea24ca19cecd99a4e5402026da7b"
    }
  },
  "dependencies": {
    "tsserver-esm-url": {
      "version": "git+ssh://git@github.com/tomashubelbauer/tsserver-esm-url.git#e1ebd8d9df83ea24ca19cecd99a4e5402026da7b",
      "from": "tsserver-esm-url@github:tomashubelbauer/tsserver-esm-url"
    }
  }
}
